{
    "name": "@typecrafters/hq-lib",
    "version": "0.1.0",
    "lockfileVersion": 3,
    "requires": true,
    "packages": {
        "": {
            "name": "@typecrafters/hq-lib",
            "version": "0.1.0",
            "dependencies": {
                "ejs": "^4.0.1",
                "nodemailer": "^7.0.13"
            },
            "devDependencies": {
                "@types/aws-lambda": "^8.10.160",
                "@types/ejs": "^3.1.5",
                "@types/node": "^25.1.0",
                "@types/nodemailer": "^7.0.9",
                "typescript": "^5.9.3"
            },
            "engines": {
                "node": ">=18"
            }
        },
        "node_modules/@types/aws-lambda": {
            "version": "8.10.160",
            "resolved": "https://registry.npmjs.org/@types/aws-lambda/-/aws-lambda-8.10.160.tgz",
            "integrity": "sha512-uoO4QVQNWFPJMh26pXtmtrRfGshPUSpMZGUyUQY20FhfHEElEBOPKgVmFs1z+kbpyBsRs2JnoOPT7++Z4GA9pA==",
            "dev": true,
            "license": "MIT"
        },
        "node_modules/@types/ejs": {
            "version": "3.1.5",
            "resolved": "https://registry.npmjs.org/@types/ejs/-/ejs-3.1.5.tgz",
            "integrity": "sha512-nv+GSx77ZtXiJzwKdsASqi+YQ5Z7vwHsTP0JY2SiQgjGckkBRKZnk8nIM+7oUZ1VCtuTz0+By4qVR7fqzp/Dfg==",
            "dev": true,
            "license": "MIT"
        },
        "node_modules/@types/node": {
            "version": "25.1.0",
            "resolved": "https://registry.npmjs.org/@types/node/-/node-25.1.0.tgz",
            "integrity": "sha512-t7frlewr6+cbx+9Ohpl0NOTKXZNV9xHRmNOvql47BFJKcEG1CxtxlPEEe+gR9uhVWM4DwhnvTF110mIL4yP9RA==",
            "dev": true,
            "license": "MIT",
            "dependencies": {
                "undici-types": "~7.16.0"
            }
        },
        "node_modules/@types/nodemailer": {
            "version": "7.0.9",
            "resolved": "https://registry.npmjs.org/@types/nodemailer/-/nodemailer-7.0.9.tgz",
            "integrity": "sha512-vI8oF1M+8JvQhsId0Pc38BdUP2evenIIys7c7p+9OZXSPOH5c1dyINP1jT8xQ2xPuBUXmIC87s+91IZMDjH8Ow==",
            "dev": true,
            "license": "MIT",
            "dependencies": {
                "@types/node": "*"
            }
        },
        "node_modules/async": {
            "version": "3.2.6",
            "resolved": "https://registry.npmjs.org/async/-/async-3.2.6.tgz",
            "integrity": "sha512-htCUDlxyyCLMgaM3xXg0C0LW2xqfuQ6p05pCEIsXuyQ+a1koYKTuBMzRNwmybfLgvJDMd0r1LTn4+E0Ti6C2AA==",
            "license": "MIT"
        },
        "node_modules/balanced-match": {
            "version": "1.0.2",
            "resolved": "https://registry.npmjs.org/balanced-match/-/balanced-match-1.0.2.tgz",
            "integrity": "sha512-3oSeUO0TMV67hN1AmbXsK4yaqU7tjiHlbxRDZOpH0KW9+CeX4bRAaX0Anxt0tx2MrpRpWwQaPwIlISEJhYU5Pw==",
            "license": "MIT"
        },
        "node_modules/brace-expansion": {
            "version": "2.0.2",
            "resolved": "https://registry.npmjs.org/brace-expansion/-/brace-expansion-2.0.2.tgz",
            "integrity": "sha512-Jt0vHyM+jmUBqojB7E1NIYadt0vI0Qxjxd2TErW94wDz+E2LAm5vKMXXwg6ZZBTHPuUlDgQHKXvjGBdfcF1ZDQ==",
            "license": "MIT",
            "dependencies": {
                "balanced-match": "^1.0.0"
            }
        },
        "node_modules/ejs": {
            "version": "4.0.1",
            "resolved": "https://registry.npmjs.org/ejs/-/ejs-4.0.1.tgz",
            "integrity": "sha512-krvQtxc0btwSm/nvnt1UpnaFDFVJpJ0fdckmALpCgShsr/iGYHTnJiUliZTgmzq/UxTX33TtOQVKaNigMQp/6Q==",
            "license": "Apache-2.0",
            "dependencies": {
                "jake": "^10.9.1"
            },
            "bin": {
                "ejs": "bin/cli.js"
            },
            "engines": {
                "node": ">=0.12.18"
            }
        },
        "node_modules/filelist": {
            "version": "1.0.4",
            "resolved": "https://registry.npmjs.org/filelist/-/filelist-1.0.4.tgz",
            "integrity": "sha512-w1cEuf3S+DrLCQL7ET6kz+gmlJdbq9J7yXCSjK/OZCPA+qEN1WyF4ZAf0YYJa4/shHJra2t/d/r8SV4Ji+x+8Q==",
            "license": "Apache-2.0",
            "dependencies": {
                "minimatch": "^5.0.1"
            }
        },
        "node_modules/jake": {
            "version": "10.9.4",
            "resolved": "https://registry.npmjs.org/jake/-/jake-10.9.4.tgz",
            "integrity": "sha512-wpHYzhxiVQL+IV05BLE2Xn34zW1S223hvjtqk0+gsPrwd/8JNLXJgZZM/iPFsYc1xyphF+6M6EvdE5E9MBGkDA==",
            "license": "Apache-2.0",
            "dependencies": {
                "async": "^3.2.6",
                "filelist": "^1.0.4",
                "picocolors": "^1.1.1"
            },
            "bin": {
                "jake": "bin/cli.js"
            },
            "engines": {
                "node": ">=10"
            }
        },
        "node_modules/minimatch": {
            "version": "5.1.6",
            "resolved": "https://registry.npmjs.org/minimatch/-/minimatch-5.1.6.tgz",
            "integrity": "sha512-lKwV/1brpG6mBUFHtb7NUmtABCb2WZZmm2wNiOA5hAb8VdCS4B3dtMWyvcoViccwAW/COERjXLt0zP1zXUN26g==",
            "license": "ISC",
            "dependencies": {
                "brace-expansion": "^2.0.1"
            },
            "engines": {
                "node": ">=10"
            }
        },
        "node_modules/nodemailer": {
            "version": "7.0.13",
            "resolved": "https://registry.npmjs.org/nodemailer/-/nodemailer-7.0.13.tgz",
            "integrity": "sha512-PNDFSJdP+KFgdsG3ZzMXCgquO7I6McjY2vlqILjtJd0hy8wEvtugS9xKRF2NWlPNGxvLCXlTNIae4serI7dinw==",
            "license": "MIT-0",
            "engines": {
                "node": ">=6.0.0"
            }
        },
        "node_modules/picocolors": {
            "version": "1.1.1",
            "resolved": "https://registry.npmjs.org/picocolors/-/picocolors-1.1.1.tgz",
            "integrity": "sha512-xceH2snhtb5M9liqDsmEw56le376mTZkEX/jEb/RxNFyegNul7eNslCXP9FDj/Lcu0X8KEyMceP2ntpaHrDEVA==",
            "license": "ISC"
        },
        "node_modules/typescript": {
            "version": "5.9.3",
            "resolved": "https://registry.npmjs.org/typescript/-/typescript-5.9.3.tgz",
            "integrity": "sha512-jl1vZzPDinLr9eUt3J/t7V6FgNEw9QjvBPdysz9KfQDD41fQrC2Y4vKQdiaUpFT4bXlb1RHhLpp8wtm6M5TgSw==",
            "dev": true,
            "license": "Apache-2.0",
            "bin": {
                "tsc": "bin/tsc",
                "tsserver": "bin/tsserver"
            },
            "engines": {
                "node": ">=14.17"
            }
        },
        "node_modules/undici-types": {
            "version": "7.16.0",
            "resolved": "https://registry.npmjs.org/undici-types/-/undici-types-7.16.0.tgz",
            "integrity": "sha512-Zz+aZWSj8LE6zoxD+xrjh4VfkIG8Ya6LvYkZqtUQGJPZjYl53ypCaUwWqo7eI0x66KBGeRo+mlBEkMSeSZ38Nw==",
            "dev": true,
            "license": "MIT"
        }
    }
}
